
Microsoft Visual Studio Solution File, Format Version 12.00
# Visual Studio 15
VisualStudioVersion = 15.0.28307.852
MinimumVisualStudioVersion = 10.0.40219.1
Project("{FAE04EC0-301F-11D3-BF4B-00C04F79EFBC}") = "ProjectApp.Android", "ProjectApp\ProjectApp.Android\ProjectApp.Android.csproj", "{CA119BA3-894B-4510-9192-C7EA4F37D4CC}"
EndProject
Project("{FAE04EC0-301F-11D3-BF4B-00C04F79EFBC}") = "ProjectApp.iOS", "ProjectApp\ProjectApp.iOS\ProjectApp.iOS.csproj", "{7B894AAD-0718-4599-BC7E-0F672D83C6D3}"
EndProject
Project("{FAE04EC0-301F-11D3-BF4B-00C04F79EFBC}") = "ProjectApp.UWP", "ProjectApp\ProjectApp.UWP\ProjectApp.UWP.csproj", "{B8DB466B-9B9D-4C2E-89A1-AAF28A345DAC}"
EndProject
Project("{FAE04EC0-301F-11D3-BF4B-00C04F79EFBC}") = "ProjectApp", "ProjectApp\ProjectApp\ProjectApp.csproj", "{1D686067-3636-4ECB-A85E-07C98AF31105}"
EndProject
Global
	GlobalSection(SolutionConfigurationPlatforms) = preSolution
		Ad-Hoc|Any CPU = Ad-Hoc|Any CPU
		Ad-Hoc|ARM = Ad-Hoc|ARM
		Ad-Hoc|iPhone = Ad-Hoc|iPhone
		Ad-Hoc|iPhoneSimulator = Ad-Hoc|iPhoneSimulator
		Ad-Hoc|x64 = Ad-Hoc|x64
		Ad-Hoc|x86 = Ad-Hoc|x86
		AppStore|Any CPU = AppStore|Any CPU
		AppStore|ARM = AppStore|ARM
		AppStore|iPhone = AppStore|iPhone
		AppStore|iPhoneSimulator = AppStore|iPhoneSimulator
		AppStore|x64 = AppStore|x64
		AppStore|x86 = AppStore|x86
		Debug|Any CPU = Debug|Any CPU
		Debug|ARM = Debug|ARM
		Debug|iPhone = Debug|iPhone
		Debug|iPhoneSimulator = Debug|iPhoneSimulator
		Debug|x64 = Debug|x64
		Debug|x86 = Debug|x86
		Release|Any CPU = Release|Any CPU
		Release|ARM = Release|ARM
		Release|iPhone = Release|iPhone
		Release|iPhoneSimulator = Release|iPhoneSimulator
		Release|x64 = Release|x64
		Release|x86 = Release|x86
	EndGlobalSection
	GlobalSection(ProjectConfigurationPlatforms) = postSolution
		{CA119BA3-894B-4510-9192-C7EA4F37D4CC}.Ad-Hoc|Any CPU.ActiveCfg = Release|Any CPU
		{CA119BA3-894B-4510-9192-C7EA4F37D4CC}.Ad-Hoc|Any CPU.Build.0 = Release|Any CPU
		{CA119BA3-894B-4510-9192-C7EA4F37D4CC}.Ad-Hoc|Any CPU.Deploy.0 = Release|Any CPU
		{CA119BA3-894B-4510-9192-C7EA4F37D4CC}.Ad-Hoc|ARM.ActiveCfg = Release|Any CPU
		{CA119BA3-894B-4510-9192-C7EA4F37D4CC}.Ad-Hoc|ARM.Build.0 = Release|Any CPU
		{CA119BA3-894B-4510-9192-C7EA4F37D4CC}.Ad-Hoc|ARM.Deploy.0 = Release|Any CPU
		{CA119BA3-894B-4510-9192-C7EA4F37D4CC}.Ad-Hoc|iPhone.ActiveCfg = Release|Any CPU
		{CA119BA3-894B-4510-9192-C7EA4F37D4CC}.Ad-Hoc|iPhone.Build.0 = Release|Any CPU
		{CA119BA3-894B-4510-9192-C7EA4F37D4CC}.Ad-Hoc|iPhone.Deploy.0 = Release|Any CPU
		{CA119BA3-894B-4510-9192-C7EA4F37D4CC}.Ad-Hoc|iPhoneSimulator.ActiveCfg = Release|Any CPU
		{CA119BA3-894B-4510-9192-C7EA4F37D4CC}.Ad-Hoc|iPhoneSimulator.Build.0 = Release|Any CPU
		{CA119BA3-894B-4510-9192-C7EA4F37D4CC}.Ad-Hoc|iPhoneSimulator.Deploy.0 = Release|Any CPU
		{CA119BA3-894B-4510-9192-C7EA4F37D4CC}.Ad-Hoc|x64.ActiveCfg = Release|Any CPU
		{CA119BA3-894B-4510-9192-C7EA4F37D4CC}.Ad-Hoc|x64.Build.0 = Release|Any CPU
		{CA119BA3-894B-4510-9192-C7EA4F37D4CC}.Ad-Hoc|x64.Deploy.0 = Release|Any CPU
		{CA119BA3-894B-4510-9192-C7EA4F37D4CC}.Ad-Hoc|x86.ActiveCfg = Release|Any CPU
		{CA119BA3-894B-4510-9192-C7EA4F37D4CC}.Ad-Hoc|x86.Build.0 = Release|Any CPU
		{CA119BA3-894B-4510-9192-C7EA4F37D4CC}.Ad-Hoc|x86.Deploy.0 = Release|Any CPU
		{CA119BA3-894B-4510-9192-C7EA4F37D4CC}.AppStore|Any CPU.ActiveCfg = Release|Any CPU
		{CA119BA3-894B-4510-9192-C7EA4F37D4CC}.AppStore|Any CPU.Build.0 = Release|Any CPU
		{CA119BA3-894B-4510-9192-C7EA4F37D4CC}.AppStore|Any CPU.Deploy.0 = Release|Any CPU
		{CA119BA3-894B-4510-9192-C7EA4F37D4CC}.AppStore|ARM.ActiveCfg = Release|Any CPU
		{CA119BA3-894B-4510-9192-C7EA4F37D4CC}.AppStore|ARM.Build.0 = Release|Any CPU
		{CA119BA3-894B-4510-9192-C7EA4F37D4CC}.AppStore|ARM.Deploy.0 = Release|Any CPU
		{CA119BA3-894B-4510-9192-C7EA4F37D4CC}.AppStore|iPhone.ActiveCfg = Release|Any CPU
		{CA119BA3-894B-4510-9192-C7EA4F37D4CC}.AppStore|iPhone.Build.0 = Release|Any CPU
		{CA119BA3-894B-4510-9192-C7EA4F37D4CC}.AppStore|iPhone.Deploy.0 = Release|Any CPU
		{CA119BA3-894B-4510-9192-C7EA4F37D4CC}.AppStore|iPhoneSimulator.ActiveCfg = Release|Any CPU
		{CA119BA3-894B-4510-9192-C7EA4F37D4CC}.AppStore|iPhoneSimulator.Build.0 = Release|Any CPU
		{CA119BA3-894B-4510-9192-C7EA4F37D4CC}.AppStore|iPhoneSimulator.Deploy.0 = Release|Any CPU
		{CA119BA3-894B-4510-9192-C7EA4F37D4CC}.AppStore|x64.ActiveCfg = Release|Any CPU
		{CA119BA3-894B-4510-9192-C7EA4F37D4CC}.AppStore|x64.Build.0 = Release|Any CPU
		{CA119BA3-894B-4510-9192-C7EA4F37D4CC}.AppStore|x64.Deploy.0 = Release|Any CPU
		{CA119BA3-894B-4510-9192-C7EA4F37D4CC}.AppStore|x86.ActiveCfg = Release|Any CPU
		{CA119BA3-894B-4510-9192-C7EA4F37D4CC}.AppStore|x86.Build.0 = Release|Any CPU
		{CA119BA3-894B-4510-9192-C7EA4F37D4CC}.AppStore|x86.Deploy.0 = Release|Any CPU
		{CA119BA3-894B-4510-9192-C7EA4F37D4CC}.Debug|Any CPU.ActiveCfg = Debug|Any CPU
		{CA119BA3-894B-4510-9192-C7EA4F37D4CC}.Debug|Any CPU.Build.0 = Debug|Any CPU
		{CA119BA3-894B-4510-9192-C7EA4F37D4CC}.Debug|Any CPU.Deploy.0 = Debug|Any CPU
		{CA119BA3-894B-4510-9192-C7EA4F37D4CC}.Debug|ARM.ActiveCfg = Debug|Any CPU
		{CA119BA3-894B-4510-9192-C7EA4F37D4CC}.Debug|ARM.Build.0 = Debug|Any CPU
		{CA119BA3-894B-4510-9192-C7EA4F37D4CC}.Debug|ARM.Deploy.0 = Debug|Any CPU
		{CA119BA3-894B-4510-9192-C7EA4F37D4CC}.Debug|iPhone.ActiveCfg = Debug|Any CPU
		{CA119BA3-894B-4510-9192-C7EA4F37D4CC}.Debug|iPhone.Build.0 = Debug|Any CPU
		{CA119BA3-894B-4510-9192-C7EA4F37D4CC}.Debug|iPhone.Deploy.0 = Debug|Any CPU
		{CA119BA3-894B-4510-9192-C7EA4F37D4CC}.Debug|iPhoneSimulator.ActiveCfg = Debug|Any CPU
		{CA119BA3-894B-4510-9192-C7EA4F37D4CC}.Debug|iPhoneSimulator.Build.0 = Debug|Any CPU
		{CA119BA3-894B-4510-9192-C7EA4F37D4CC}.Debug|iPhoneSimulator.Deploy.0 = Debug|Any CPU
		{CA119BA3-894B-4510-9192-C7EA4F37D4CC}.Debug|x64.ActiveCfg = Debug|Any CPU
		{CA119BA3-894B-4510-9192-C7EA4F37D4CC}.Debug|x64.Build.0 = Debug|Any CPU
		{CA119BA3-894B-4510-9192-C7EA4F37D4CC}.Debug|x64.Deploy.0 = Debug|Any CPU
		{CA119BA3-894B-4510-9192-C7EA4F37D4CC}.Debug|x86.ActiveCfg = Debug|Any CPU
		{CA119BA3-894B-4510-9192-C7EA4F37D4CC}.Debug|x86.Build.0 = Debug|Any CPU
		{CA119BA3-894B-4510-9192-C7EA4F37D4CC}.Debug|x86.Deploy.0 = Debug|Any CPU
		{CA119BA3-894B-4510-9192-C7EA4F37D4CC}.Release|Any CPU.ActiveCfg = Release|Any CPU
		{CA119BA3-894B-4510-9192-C7EA4F37D4CC}.Release|Any CPU.Build.0 = Release|Any CPU
		{CA119BA3-894B-4510-9192-C7EA4F37D4CC}.Release|Any CPU.Deploy.0 = Release|Any CPU
		{CA119BA3-894B-4510-9192-C7EA4F37D4CC}.Release|ARM.ActiveCfg = Release|Any CPU
		{CA119BA3-894B-4510-9192-C7EA4F37D4CC}.Release|ARM.Build.0 = Release|Any CPU
		{CA119BA3-894B-4510-9192-C7EA4F37D4CC}.Release|ARM.Deploy.0 = Release|Any CPU
		{CA119BA3-894B-4510-9192-C7EA4F37D4CC}.Release|iPhone.ActiveCfg = Release|Any CPU
		{CA119BA3-894B-4510-9192-C7EA4F37D4CC}.Release|iPhone.Build.0 = Release|Any CPU
		{CA119BA3-894B-4510-9192-C7EA4F37D4CC}.Release|iPhone.Deploy.0 = Release|Any CPU
		{CA119BA3-894B-4510-9192-C7EA4F37D4CC}.Release|iPhoneSimulator.ActiveCfg = Release|Any CPU
		{CA119BA3-894B-4510-9192-C7EA4F37D4CC}.Release|iPhoneSimulator.Build.0 = Release|Any CPU
		{CA119BA3-894B-4510-9192-C7EA4F37D4CC}.Release|iPhoneSimulator.Deploy.0 = Release|Any CPU
		{CA119BA3-894B-4510-9192-C7EA4F37D4CC}.Release|x64.ActiveCfg = Release|Any CPU
		{CA119BA3-894B-4510-9192-C7EA4F37D4CC}.Release|x64.Build.0 = Release|Any CPU
		{CA119BA3-894B-4510-9192-C7EA4F37D4CC}.Release|x64.Deploy.0 = Release|Any CPU
		{CA119BA3-894B-4510-9192-C7EA4F37D4CC}.Release|x86.ActiveCfg = Release|Any CPU
		{CA119BA3-894B-4510-9192-C7EA4F37D4CC}.Release|x86.Build.0 = Release|Any CPU
		{CA119BA3-894B-4510-9192-C7EA4F37D4CC}.Release|x86.Deploy.0 = Release|Any CPU
		{7B894AAD-0718-4599-BC7E-0F672D83C6D3}.Ad-Hoc|Any CPU.ActiveCfg = Ad-Hoc|iPhone
		{7B894AAD-0718-4599-BC7E-0F672D83C6D3}.Ad-Hoc|Any CPU.Build.0 = Ad-Hoc|iPhone
		{7B894AAD-0718-4599-BC7E-0F672D83C6D3}.Ad-Hoc|Any CPU.Deploy.0 = Ad-Hoc|iPhone
		{7B894AAD-0718-4599-BC7E-0F672D83C6D3}.Ad-Hoc|ARM.ActiveCfg = Ad-Hoc|iPhone
		{7B894AAD-0718-4599-BC7E-0F672D83C6D3}.Ad-Hoc|ARM.Build.0 = Ad-Hoc|iPhone
		{7B894AAD-0718-4599-BC7E-0F672D83C6D3}.Ad-Hoc|ARM.Deploy.0 = Ad-Hoc|iPhone
		{7B894AAD-0718-4599-BC7E-0F672D83C6D3}.Ad-Hoc|iPhone.ActiveCfg = Ad-Hoc|iPhone
		{7B894AAD-0718-4599-BC7E-0F672D83C6D3}.Ad-Hoc|iPhone.Build.0 = Ad-Hoc|iPhone
		{7B894AAD-0718-4599-BC7E-0F672D83C6D3}.Ad-Hoc|iPhone.Deploy.0 = Ad-Hoc|iPhone
		{7B894AAD-0718-4599-BC7E-0F672D83C6D3}.Ad-Hoc|iPhoneSimulator.ActiveCfg = Ad-Hoc|iPhoneSimulator
		{7B894AAD-0718-4599-BC7E-0F672D83C6D3}.Ad-Hoc|iPhoneSimulator.Build.0 = Ad-Hoc|iPhoneSimulator
		{7B894AAD-0718-4599-BC7E-0F672D83C6D3}.Ad-Hoc|iPhoneSimulator.Deploy.0 = Ad-Hoc|iPhoneSimulator
		{7B894AAD-0718-4599-BC7E-0F672D83C6D3}.Ad-Hoc|x64.ActiveCfg = Ad-Hoc|iPhone
		{7B894AAD-0718-4599-BC7E-0F672D83C6D3}.Ad-Hoc|x64.Build.0 = Ad-Hoc|iPhone
		{7B894AAD-0718-4599-BC7E-0F672D83C6D3}.Ad-Hoc|x64.Deploy.0 = Ad-Hoc|iPhone
		{7B894AAD-0718-4599-BC7E-0F672D83C6D3}.Ad-Hoc|x86.ActiveCfg = Ad-Hoc|iPhone
		{7B894AAD-0718-4599-BC7E-0F672D83C6D3}.Ad-Hoc|x86.Build.0 = Ad-Hoc|iPhone
		{7B894AAD-0718-4599-BC7E-0F672D83C6D3}.Ad-Hoc|x86.Deploy.0 = Ad-Hoc|iPhone
		{7B894AAD-0718-4599-BC7E-0F672D83C6D3}.AppStore|Any CPU.ActiveCfg = AppStore|iPhone
		{7B894AAD-0718-4599-BC7E-0F672D83C6D3}.AppStore|Any CPU.Build.0 = AppStore|iPhone
		{7B894AAD-0718-4599-BC7E-0F672D83C6D3}.AppStore|Any CPU.Deploy.0 = AppStore|iPhone
		{7B894AAD-0718-4599-BC7E-0F672D83C6D3}.AppStore|ARM.ActiveCfg = AppStore|iPhone
		{7B894AAD-0718-4599-BC7E-0F672D83C6D3}.AppStore|ARM.Build.0 = AppStore|iPhone
		{7B894AAD-0718-4599-BC7E-0F672D83C6D3}.AppStore|ARM.Deploy.0 = AppStore|iPhone
		{7B894AAD-0718-4599-BC7E-0F672D83C6D3}.AppStore|iPhone.ActiveCfg = AppStore|iPhone
		{7B894AAD-0718-4599-BC7E-0F672D83C6D3}.AppStore|iPhone.Build.0 = AppStore|iPhone
		{7B894AAD-0718-4599-BC7E-0F672D83C6D3}.AppStore|iPhone.Deploy.0 = AppStore|iPhone
		{7B894AAD-0718-4599-BC7E-0F672D83C6D3}.AppStore|iPhoneSimulator.ActiveCfg = AppStore|iPhoneSimulator
		{7B894AAD-0718-4599-BC7E-0F672D83C6D3}.AppStore|iPhoneSimulator.Build.0 = AppStore|iPhoneSimulator
		{7B894AAD-0718-4599-BC7E-0F672D83C6D3}.AppStore|iPhoneSimulator.Deploy.0 = AppStore|iPhoneSimulator
		{7B894AAD-0718-4599-BC7E-0F672D83C6D3}.AppStore|x64.ActiveCfg = AppStore|iPhone
		{7B894AAD-0718-4599-BC7E-0F672D83C6D3}.AppStore|x64.Build.0 = AppStore|iPhone
		{7B894AAD-0718-4599-BC7E-0F672D83C6D3}.AppStore|x64.Deploy.0 = AppStore|iPhone
		{7B894AAD-0718-4599-BC7E-0F672D83C6D3}.AppStore|x86.ActiveCfg = AppStore|iPhone
		{7B894AAD-0718-4599-BC7E-0F672D83C6D3}.AppStore|x86.Build.0 = AppStore|iPhone
		{7B894AAD-0718-4599-BC7E-0F672D83C6D3}.AppStore|x86.Deploy.0 = AppStore|iPhone
		{7B894AAD-0718-4599-BC7E-0F672D83C6D3}.Debug|Any CPU.ActiveCfg = Debug|iPhoneSimulator
		{7B894AAD-0718-4599-BC7E-0F672D83C6D3}.Debug|Any CPU.Build.0 = Debug|iPhoneSimulator
		{7B894AAD-0718-4599-BC7E-0F672D83C6D3}.Debug|Any CPU.Deploy.0 = Debug|iPhoneSimulator
		{7B894AAD-0718-4599-BC7E-0F672D83C6D3}.Debug|ARM.ActiveCfg = Debug|iPhone
		{7B894AAD-0718-4599-BC7E-0F672D83C6D3}.Debug|ARM.Build.0 = Debug|iPhone
		{7B894AAD-0718-4599-BC7E-0F672D83C6D3}.Debug|ARM.Deploy.0 = Debug|iPhone
		{7B894AAD-0718-4599-BC7E-0F672D83C6D3}.Debug|iPhone.ActiveCfg = Debug|iPhone
		{7B894AAD-0718-4599-BC7E-0F672D83C6D3}.Debug|iPhone.Build.0 = Debug|iPhone
		{7B894AAD-0718-4599-BC7E-0F672D83C6D3}.Debug|iPhone.Deploy.0 = Debug|iPhone
		{7B894AAD-0718-4599-BC7E-0F672D83C6D3}.Debug|iPhoneSimulator.ActiveCfg = Debug|iPhoneSimulator
		{7B894AAD-0718-4599-BC7E-0F672D83C6D3}.Debug|iPhoneSimulator.Build.0 = Debug|iPhoneSimulator
		{7B894AAD-0718-4599-BC7E-0F672D83C6D3}.Debug|iPhoneSimulator.Deploy.0 = Debug|iPhoneSimulator
		{7B894AAD-0718-4599-BC7E-0F672D83C6D3}.Debug|x64.ActiveCfg = Debug|iPhone
		{7B894AAD-0718-4599-BC7E-0F672D83C6D3}.Debug|x64.Build.0 = Debug|iPhone
		{7B894AAD-0718-4599-BC7E-0F672D83C6D3}.Debug|x64.Deploy.0 = Debug|iPhone
		{7B894AAD-0718-4599-BC7E-0F672D83C6D3}.Debug|x86.ActiveCfg = Debug|iPhone
		{7B894AAD-0718-4599-BC7E-0F672D83C6D3}.Debug|x86.Build.0 = Debug|iPhone
		{7B894AAD-0718-4599-BC7E-0F672D83C6D3}.Debug|x86.Deploy.0 = Debug|iPhone
		{7B894AAD-0718-4599-BC7E-0F672D83C6D3}.Release|Any CPU.ActiveCfg = Release|iPhone
		{7B894AAD-0718-4599-BC7E-0F672D83C6D3}.Release|Any CPU.Build.0 = Release|iPhone
		{7B894AAD-0718-4599-BC7E-0F672D83C6D3}.Release|Any CPU.Deploy.0 = Release|iPhone
		{7B894AAD-0718-4599-BC7E-0F672D83C6D3}.Release|ARM.ActiveCfg = Release|iPhone
		{7B894AAD-0718-4599-BC7E-0F672D83C6D3}.Release|ARM.Build.0 = Release|iPhone
		{7B894AAD-0718-4599-BC7E-0F672D83C6D3}.Release|ARM.Deploy.0 = Release|iPhone
		{7B894AAD-0718-4599-BC7E-0F672D83C6D3}.Release|iPhone.ActiveCfg = Release|iPhone
		{7B894AAD-0718-4599-BC7E-0F672D83C6D3}.Release|iPhone.Build.0 = Release|iPhone
		{7B894AAD-0718-4599-BC7E-0F672D83C6D3}.Release|iPhone.Deploy.0 = Release|iPhone
		{7B894AAD-0718-4599-BC7E-0F672D83C6D3}.Release|iPhoneSimulator.ActiveCfg = Release|iPhoneSimulator
		{7B894AAD-0718-4599-BC7E-0F672D83C6D3}.Release|iPhoneSimulator.Build.0 = Release|iPhoneSimulator
		{7B894AAD-0718-4599-BC7E-0F672D83C6D3}.Release|iPhoneSimulator.Deploy.0 = Release|iPhoneSimulator
		{7B894AAD-0718-4599-BC7E-0F672D83C6D3}.Release|x64.ActiveCfg = Release|iPhone
		{7B894AAD-0718-4599-BC7E-0F672D83C6D3}.Release|x64.Build.0 = Release|iPhone
		{7B894AAD-0718-4599-BC7E-0F672D83C6D3}.Release|x64.Deploy.0 = Release|iPhone
		{7B894AAD-0718-4599-BC7E-0F672D83C6D3}.Release|x86.ActiveCfg = Release|iPhone
		{7B894AAD-0718-4599-BC7E-0F672D83C6D3}.Release|x86.Build.0 = Release|iPhone
		{7B894AAD-0718-4599-BC7E-0F672D83C6D3}.Release|x86.Deploy.0 = Release|iPhone
		{B8DB466B-9B9D-4C2E-89A1-AAF28A345DAC}.Ad-Hoc|Any CPU.ActiveCfg = Release|x86
		{B8DB466B-9B9D-4C2E-89A1-AAF28A345DAC}.Ad-Hoc|Any CPU.Build.0 = Release|x86
		{B8DB466B-9B9D-4C2E-89A1-AAF28A345DAC}.Ad-Hoc|Any CPU.Deploy.0 = Release|x86
		{B8DB466B-9B9D-4C2E-89A1-AAF28A345DAC}.Ad-Hoc|ARM.ActiveCfg = Release|ARM
		{B8DB466B-9B9D-4C2E-89A1-AAF28A345DAC}.Ad-Hoc|ARM.Build.0 = Release|ARM
		{B8DB466B-9B9D-4C2E-89A1-AAF28A345DAC}.Ad-Hoc|ARM.Deploy.0 = Release|ARM
		{B8DB466B-9B9D-4C2E-89A1-AAF28A345DAC}.Ad-Hoc|iPhone.ActiveCfg = Release|x86
		{B8DB466B-9B9D-4C2E-89A1-AAF28A345DAC}.Ad-Hoc|iPhone.Build.0 = Release|x86
		{B8DB466B-9B9D-4C2E-89A1-AAF28A345DAC}.Ad-Hoc|iPhone.Deploy.0 = Release|x86
		{B8DB466B-9B9D-4C2E-89A1-AAF28A345DAC}.Ad-Hoc|iPhoneSimulator.ActiveCfg = Release|x86
		{B8DB466B-9B9D-4C2E-89A1-AAF28A345DAC}.Ad-Hoc|iPhoneSimulator.Build.0 = Release|x86
		{B8DB466B-9B9D-4C2E-89A1-AAF28A345DAC}.Ad-Hoc|iPhoneSimulator.Deploy.0 = Release|x86
		{B8DB466B-9B9D-4C2E-89A1-AAF28A345DAC}.Ad-Hoc|x64.ActiveCfg = Release|x64
		{B8DB466B-9B9D-4C2E-89A1-AAF28A345DAC}.Ad-Hoc|x64.Build.0 = Release|x64
		{B8DB466B-9B9D-4C2E-89A1-AAF28A345DAC}.Ad-Hoc|x64.Deploy.0 = Release|x64
		{B8DB466B-9B9D-4C2E-89A1-AAF28A345DAC}.Ad-Hoc|x86.ActiveCfg = Release|x86
		{B8DB466B-9B9D-4C2E-89A1-AAF28A345DAC}.Ad-Hoc|x86.Build.0 = Release|x86
		{B8DB466B-9B9D-4C2E-89A1-AAF28A345DAC}.Ad-Hoc|x86.Deploy.0 = Release|x86
		{B8DB466B-9B9D-4C2E-89A1-AAF28A345DAC}.AppStore|Any CPU.ActiveCfg = Release|x86
		{B8DB466B-9B9D-4C2E-89A1-AAF28A345DAC}.AppStore|Any CPU.Build.0 = Release|x86
		{B8DB466B-9B9D-4C2E-89A1-AAF28A345DAC}.AppStore|Any CPU.Deploy.0 = Release|x86
		{B8DB466B-9B9D-4C2E-89A1-AAF28A345DAC}.AppStore|ARM.ActiveCfg = Release|ARM
		{B8DB466B-9B9D-4C2E-89A1-AAF28A345DAC}.AppStore|ARM.Build.0 = Release|ARM
		{B8DB466B-9B9D-4C2E-89A1-AAF28A345DAC}.AppStore|ARM.Deploy.0 = Release|ARM
		{B8DB466B-9B9D-4C2E-89A1-AAF28A345DAC}.AppStore|iPhone.ActiveCfg = Release|x86
		{B8DB466B-9B9D-4C2E-89A1-AAF28A345DAC}.AppStore|iPhone.Build.0 = Release|x86
		{B8DB466B-9B9D-4C2E-89A1-AAF28A345DAC}.AppStore|iPhone.Deploy.0 = Release|x86
		{B8DB466B-9B9D-4C2E-89A1-AAF28A345DAC}.AppStore|iPhoneSimulator.ActiveCfg = Release|x86
		{B8DB466B-9B9D-4C2E-89A1-AAF28A345DAC}.AppStore|iPhoneSimulator.Build.0 = Release|x86
		{B8DB466B-9B9D-4C2E-89A1-AAF28A345DAC}.AppStore|iPhoneSimulator.Deploy.0 = Release|x86
		{B8DB466B-9B9D-4C2E-89A1-AAF28A345DAC}.AppStore|x64.ActiveCfg = Release|x64
		{B8DB466B-9B9D-4C2E-89A1-AAF28A345DAC}.AppStore|x64.Build.0 = Release|x64
		{B8DB466B-9B9D-4C2E-89A1-AAF28A345DAC}.AppStore|x64.Deploy.0 = Release|x64
		{B8DB466B-9B9D-4C2E-89A1-AAF28A345DAC}.AppStore|x86.ActiveCfg = Release|x86
		{B8DB466B-9B9D-4C2E-89A1-AAF28A345DAC}.AppStore|x86.Build.0 = Release|x86
		{B8DB466B-9B9D-4C2E-89A1-AAF28A345DAC}.AppStore|x86.Deploy.0 = Release|x86
		{B8DB466B-9B9D-4C2E-89A1-AAF28A345DAC}.Debug|Any CPU.ActiveCfg = Debug|x86
		{B8DB466B-9B9D-4C2E-89A1-AAF28A345DAC}.Debug|Any CPU.Build.0 = Debug|x86
		{B8DB466B-9B9D-4C2E-89A1-AAF28A345DAC}.Debug|Any CPU.Deploy.0 = Debug|x86
		{B8DB466B-9B9D-4C2E-89A1-AAF28A345DAC}.Debug|ARM.ActiveCfg = Debug|ARM
		{B8DB466B-9B9D-4C2E-89A1-AAF28A345DAC}.Debug|ARM.Build.0 = Debug|ARM
		{B8DB466B-9B9D-4C2E-89A1-AAF28A345DAC}.Debug|ARM.Deploy.0 = Debug|ARM
		{B8DB466B-9B9D-4C2E-89A1-AAF28A345DAC}.Debug|iPhone.ActiveCfg = Debug|x86
		{B8DB466B-9B9D-4C2E-89A1-AAF28A345DAC}.Debug|iPhone.Build.0 = Debug|x86
		{B8DB466B-9B9D-4C2E-89A1-AAF28A345DAC}.Debug|iPhone.Deploy.0 = Debug|x86
		{B8DB466B-9B9D-4C2E-89A1-AAF28A345DAC}.Debug|iPhoneSimulator.ActiveCfg = Debug|x86
		{B8DB466B-9B9D-4C2E-89A1-AAF28A345DAC}.Debug|iPhoneSimulator.Build.0 = Debug|x86
		{B8DB466B-9B9D-4C2E-89A1-AAF28A345DAC}.Debug|iPhoneSimulator.Deploy.0 = Debug|x86
		{B8DB466B-9B9D-4C2E-89A1-AAF28A345DAC}.Debug|x64.ActiveCfg = Debug|x64
		{B8DB466B-9B9D-4C2E-89A1-AAF28A345DAC}.Debug|x64.Build.0 = Debug|x64
		{B8DB466B-9B9D-4C2E-89A1-AAF28A345DAC}.Debug|x64.Deploy.0 = Debug|x64
		{B8DB466B-9B9D-4C2E-89A1-AAF28A345DAC}.Debug|x86.ActiveCfg = Debug|x86
		{B8DB466B-9B9D-4C2E-89A1-AAF28A345DAC}.Debug|x86.Build.0 = Debug|x86
		{B8DB466B-9B9D-4C2E-89A1-AAF28A345DAC}.Debug|x86.Deploy.0 = Debug|x86
		{B8DB466B-9B9D-4C2E-89A1-AAF28A345DAC}.Release|Any CPU.ActiveCfg = Release|x86
		{B8DB466B-9B9D-4C2E-89A1-AAF28A345DAC}.Release|Any CPU.Build.0 = Release|x86
		{B8DB466B-9B9D-4C2E-89A1-AAF28A345DAC}.Release|Any CPU.Deploy.0 = Release|x86
		{B8DB466B-9B9D-4C2E-89A1-AAF28A345DAC}.Release|ARM.ActiveCfg = Release|ARM
		{B8DB466B-9B9D-4C2E-89A1-AAF28A345DAC}.Release|ARM.Build.0 = Release|ARM
		{B8DB466B-9B9D-4C2E-89A1-AAF28A345DAC}.Release|ARM.Deploy.0 = Release|ARM
		{B8DB466B-9B9D-4C2E-89A1-AAF28A345DAC}.Release|iPhone.ActiveCfg = Release|x86
		{B8DB466B-9B9D-4C2E-89A1-AAF28A345DAC}.Release|iPhone.Build.0 = Release|x86
		{B8DB466B-9B9D-4C2E-89A1-AAF28A345DAC}.Release|iPhone.Deploy.0 = Release|x86
		{B8DB466B-9B9D-4C2E-89A1-AAF28A345DAC}.Release|iPhoneSimulator.ActiveCfg = Release|x86
		{B8DB466B-9B9D-4C2E-89A1-AAF28A345DAC}.Release|iPhoneSimulator.Build.0 = Release|x86
		{B8DB466B-9B9D-4C2E-89A1-AAF28A345DAC}.Release|iPhoneSimulator.Deploy.0 = Release|x86
		{B8DB466B-9B9D-4C2E-89A1-AAF28A345DAC}.Release|x64.ActiveCfg = Release|x64
		{B8DB466B-9B9D-4C2E-89A1-AAF28A345DAC}.Release|x64.Build.0 = Release|x64
		{B8DB466B-9B9D-4C2E-89A1-AAF28A345DAC}.Release|x64.Deploy.0 = Release|x64
		{B8DB466B-9B9D-4C2E-89A1-AAF28A345DAC}.Release|x86.ActiveCfg = Release|x86
		{B8DB466B-9B9D-4C2E-89A1-AAF28A345DAC}.Release|x86.Build.0 = Release|x86
		{B8DB466B-9B9D-4C2E-89A1-AAF28A345DAC}.Release|x86.Deploy.0 = Release|x86
		{1D686067-3636-4ECB-A85E-07C98AF31105}.Ad-Hoc|Any CPU.ActiveCfg = Debug|Any CPU
		{1D686067-3636-4ECB-A85E-07C98AF31105}.Ad-Hoc|Any CPU.Build.0 = Debug|Any CPU
		{1D686067-3636-4ECB-A85E-07C98AF31105}.Ad-Hoc|Any CPU.Deploy.0 = Debug|Any CPU
		{1D686067-3636-4ECB-A85E-07C98AF31105}.Ad-Hoc|ARM.ActiveCfg = Debug|Any CPU
		{1D686067-3636-4ECB-A85E-07C98AF31105}.Ad-Hoc|ARM.Build.0 = Debug|Any CPU
		{1D686067-3636-4ECB-A85E-07C98AF31105}.Ad-Hoc|ARM.Deploy.0 = Debug|Any CPU
		{1D686067-3636-4ECB-A85E-07C98AF31105}.Ad-Hoc|iPhone.ActiveCfg = Debug|Any CPU
		{1D686067-3636-4ECB-A85E-07C98AF31105}.Ad-Hoc|iPhone.Build.0 = Debug|Any CPU
		{1D686067-3636-4ECB-A85E-07C98AF31105}.Ad-Hoc|iPhone.Deploy.0 = Debug|Any CPU
		{1D686067-3636-4ECB-A85E-07C98AF31105}.Ad-Hoc|iPhoneSimulator.ActiveCfg = Debug|Any CPU
		{1D686067-3636-4ECB-A85E-07C98AF31105}.Ad-Hoc|iPhoneSimulator.Build.0 = Debug|Any CPU
		{1D686067-3636-4ECB-A85E-07C98AF31105}.Ad-Hoc|iPhoneSimulator.Deploy.0 = Debug|Any CPU
		{1D686067-3636-4ECB-A85E-07C98AF31105}.Ad-Hoc|x64.ActiveCfg = Debug|Any CPU
		{1D686067-3636-4ECB-A85E-07C98AF31105}.Ad-Hoc|x64.Build.0 = Debug|Any CPU
		{1D686067-3636-4ECB-A85E-07C98AF31105}.Ad-Hoc|x64.Deploy.0 = Debug|Any CPU
		{1D686067-3636-4ECB-A85E-07C98AF31105}.Ad-Hoc|x86.ActiveCfg = Debug|Any CPU
		{1D686067-3636-4ECB-A85E-07C98AF31105}.Ad-Hoc|x86.Build.0 = Debug|Any CPU
		{1D686067-3636-4ECB-A85E-07C98AF31105}.Ad-Hoc|x86.Deploy.0 = Debug|Any CPU
		{1D686067-3636-4ECB-A85E-07C98AF31105}.AppStore|Any CPU.ActiveCfg = Debug|Any CPU
		{1D686067-3636-4ECB-A85E-07C98AF31105}.AppStore|Any CPU.Build.0 = Debug|Any CPU
		{1D686067-3636-4ECB-A85E-07C98AF31105}.AppStore|Any CPU.Deploy.0 = Debug|Any CPU
		{1D686067-3636-4ECB-A85E-07C98AF31105}.AppStore|ARM.ActiveCfg = Debug|Any CPU
		{1D686067-3636-4ECB-A85E-07C98AF31105}.AppStore|ARM.Build.0 = Debug|Any CPU
		{1D686067-3636-4ECB-A85E-07C98AF31105}.AppStore|ARM.Deploy.0 = Debug|Any CPU
		{1D686067-3636-4ECB-A85E-07C98AF31105}.AppStore|iPhone.ActiveCfg = Debug|Any CPU
		{1D686067-3636-4ECB-A85E-07C98AF31105}.AppStore|iPhone.Build.0 = Debug|Any CPU
		{1D686067-3636-4ECB-A85E-07C98AF31105}.AppStore|iPhone.Deploy.0 = Debug|Any CPU
		{1D686067-3636-4ECB-A85E-07C98AF31105}.AppStore|iPhoneSimulator.ActiveCfg = Debug|Any CPU
		{1D686067-3636-4ECB-A85E-07C98AF31105}.AppStore|iPhoneSimulator.Build.0 = Debug|Any CPU
		{1D686067-3636-4ECB-A85E-07C98AF31105}.AppStore|iPhoneSimulator.Deploy.0 = Debug|Any CPU
		{1D686067-3636-4ECB-A85E-07C98AF31105}.AppStore|x64.ActiveCfg = Debug|Any CPU
		{1D686067-3636-4ECB-A85E-07C98AF31105}.AppStore|x64.Build.0 = Debug|Any CPU
		{1D686067-3636-4ECB-A85E-07C98AF31105}.AppStore|x64.Deploy.0 = Debug|Any CPU
		{1D686067-3636-4ECB-A85E-07C98AF31105}.AppStore|x86.ActiveCfg = Debug|Any CPU
		{1D686067-3636-4ECB-A85E-07C98AF31105}.AppStore|x86.Build.0 = Debug|Any CPU
		{1D686067-3636-4ECB-A85E-07C98AF31105}.AppStore|x86.Deploy.0 = Debug|Any CPU
		{1D686067-3636-4ECB-A85E-07C98AF31105}.Debug|Any CPU.ActiveCfg = Debug|Any CPU
		{1D686067-3636-4ECB-A85E-07C98AF31105}.Debug|Any CPU.Build.0 = Debug|Any CPU
		{1D686067-3636-4ECB-A85E-07C98AF31105}.Debug|Any CPU.Deploy.0 = Debug|Any CPU
		{1D686067-3636-4ECB-A85E-07C98AF31105}.Debug|ARM.ActiveCfg = Debug|Any CPU
		{1D686067-3636-4ECB-A85E-07C98AF31105}.Debug|ARM.Build.0 = Debug|Any CPU
		{1D686067-3636-4ECB-A85E-07C98AF31105}.Debug|ARM.Deploy.0 = Debug|Any CPU
		{1D686067-3636-4ECB-A85E-07C98AF31105}.Debug|iPhone.ActiveCfg = Debug|Any CPU
		{1D686067-3636-4ECB-A85E-07C98AF31105}.Debug|iPhone.Build.0 = Debug|Any CPU
		{1D686067-3636-4ECB-A85E-07C98AF31105}.Debug|iPhone.Deploy.0 = Debug|Any CPU
		{1D686067-3636-4ECB-A85E-07C98AF31105}.Debug|iPhoneSimulator.ActiveCfg = Debug|Any CPU
		{1D686067-3636-4ECB-A85E-07C98AF31105}.Debug|iPhoneSimulator.Build.0 = Debug|Any CPU
		{1D686067-3636-4ECB-A85E-07C98AF31105}.Debug|iPhoneSimulator.Deploy.0 = Debug|Any CPU
		{1D686067-3636-4ECB-A85E-07C98AF31105}.Debug|x64.ActiveCfg = Debug|Any CPU
		{1D686067-3636-4ECB-A85E-07C98AF31105}.Debug|x64.Build.0 = Debug|Any CPU
		{1D686067-3636-4ECB-A85E-07C98AF31105}.Debug|x64.Deploy.0 = Debug|Any CPU
		{1D686067-3636-4ECB-A85E-07C98AF31105}.Debug|x86.ActiveCfg = Debug|Any CPU
		{1D686067-3636-4ECB-A85E-07C98AF31105}.Debug|x86.Build.0 = Debug|Any CPU
		{1D686067-3636-4ECB-A85E-07C98AF31105}.Debug|x86.Deploy.0 = Debug|Any CPU
		{1D686067-3636-4ECB-A85E-07C98AF31105}.Release|Any CPU.ActiveCfg = Release|Any CPU
		{1D686067-3636-4ECB-A85E-07C98AF31105}.Release|Any CPU.Build.0 = Release|Any CPU
		{1D686067-3636-4ECB-A85E-07C98AF31105}.Release|Any CPU.Deploy.0 = Release|Any CPU
		{1D686067-3636-4ECB-A85E-07C98AF31105}.Release|ARM.ActiveCfg = Release|Any CPU
		{1D686067-3636-4ECB-A85E-07C98AF31105}.Release|ARM.Build.0 = Release|Any CPU
		{1D686067-3636-4ECB-A85E-07C98AF31105}.Release|ARM.Deploy.0 = Release|Any CPU
		{1D686067-3636-4ECB-A85E-07C98AF31105}.Release|iPhone.ActiveCfg = Release|Any CPU
		{1D686067-3636-4ECB-A85E-07C98AF31105}.Release|iPhone.Build.0 = Release|Any CPU
		{1D686067-3636-4ECB-A85E-07C98AF31105}.Release|iPhone.Deploy.0 = Release|Any CPU
		{1D686067-3636-4ECB-A85E-07C98AF31105}.Release|iPhoneSimulator.ActiveCfg = Release|Any CPU
		{1D686067-3636-4ECB-A85E-07C98AF31105}.Release|iPhoneSimulator.Build.0 = Release|Any CPU
		{1D686067-3636-4ECB-A85E-07C98AF31105}.Release|iPhoneSimulator.Deploy.0 = Release|Any CPU
		{1D686067-3636-4ECB-A85E-07C98AF31105}.Release|x64.ActiveCfg = Release|Any CPU
		{1D686067-3636-4ECB-A85E-07C98AF31105}.Release|x64.Build.0 = Release|Any CPU
		{1D686067-3636-4ECB-A85E-07C98AF31105}.Release|x64.Deploy.0 = Release|Any CPU
		{1D686067-3636-4ECB-A85E-07C98AF31105}.Release|x86.ActiveCfg = Release|Any CPU
		{1D686067-3636-4ECB-A85E-07C98AF31105}.Release|x86.Build.0 = Release|Any CPU
		{1D686067-3636-4ECB-A85E-07C98AF31105}.Release|x86.Deploy.0 = Release|Any CPU
	EndGlobalSection
	GlobalSection(SolutionProperties) = preSolution
		HideSolutionNode = FALSE
	EndGlobalSection
	GlobalSection(ExtensibilityGlobals) = postSolution
		SolutionGuid = {B2E0D2CE-10B9-4CD6-80EE-DEDA7028B352}
	EndGlobalSection
EndGlobal
